
Microsoft Visual Studio Solution File, Format Version 12.00
# Visual Studio Version 17
VisualStudioVersion = 17.7.34024.191
MinimumVisualStudioVersion = 10.0.40219.1
Project("{FAE04EC0-301F-11D3-BF4B-00C04F79EFBC}") = "301297059(Sharma)_Lab#2", "301297059(Sharma)_Lab#2\301297059(Sharma)_Lab#2.csproj", "{1D04DD1F-D465-4DCF-8F6E-F4A6A2792260}"
EndProject
Global
	GlobalSection(SolutionConfigurationPlatforms) = preSolution
		Debug|Any CPU = Debug|Any CPU
		Release|Any CPU = Release|Any CPU
	EndGlobalSection
	GlobalSection(ProjectConfigurationPlatforms) = postSolution
		{1D04DD1F-D465-4DCF-8F6E-F4A6A2792260}.Debug|Any CPU.ActiveCfg = Debug|Any CPU
		{1D04DD1F-D465-4DCF-8F6E-F4A6A2792260}.Debug|Any CPU.Build.0 = Debug|Any CPU
		{1D04DD1F-D465-4DCF-8F6E-F4A6A2792260}.Release|Any CPU.ActiveCfg = Release|Any CPU
		{1D04DD1F-D465-4DCF-8F6E-F4A6A2792260}.Release|Any CPU.Build.0 = Release|Any CPU
	EndGlobalSection
	GlobalSection(SolutionProperties) = preSolution
		HideSolutionNode = FALSE
	EndGlobalSection
	GlobalSection(ExtensibilityGlobals) = postSolution
		SolutionGuid = {775AB8F6-D38B-48F8-8B12-79FF293233B8}
	EndGlobalSection
EndGlobal
